github.com/dustin/go-humanize v1.0.1 h1:GzkhY7T5VNhEkwH0PVJgjz+fX1rhBrR7pRT3mDkpeCY=
github.com/dustin/go-humanize v1.0.1/go.mod h1:Mu1zIs6XwVuF/gI1OepvI0qD18qycQx+mFykh5fBlto=
github.com/klauspost/compress v1.17.4 h1:Ej5ixsIri7BrIjBkRZLTo6ghwrEtHFk7ijlczPW4fZ4=
github.com/klauspost/compress v1.17.4/go.mod h1:/dCuZOvVtNoHsyb+cuJD3itjs3NbnF6KH9zAO4BDxPM=
github.com/pierrec/lz4/v4 v4.1.22 h1:cKFw6uJDK+/gfw5BcDL0JL5aBsAFdsIT18eRtLj7VIU=
github.com/pierrec/lz4/v4 v4.1.22/go.mod h1:gZWDp/Ze/IJXGXf23ltt2EXimqmTUXEy0GFuRQyBid4=
github.com/therootcompany/xz v1.0.1 h1:CmOtsn1CbtmyYiusbfmhmkpAAETj0wBIH6kCYaX+xzw=
github.com/therootcompany/xz v1.0.1/go.mod h1:3K3UH1yCKgBneZYhuQUvJ9HPD19UEXEI0BWbMn8qNMY=
github.com/u-root/u-root v0.14.1-0.20250625074930-74aa3d116bae h1:bZerDxxHHj929uHi3unejnRtH/PR7smgKTqtZGz8IiA=
github.com/u-root/u-root v0.14.1-0.20250625074930-74aa3d116bae/go.mod h1:lNqtOuH/BL07c+uy3sYKELYjoOU/xYdUM6KbbZo+Blk=
github.com/u-root/uio v0.0.0-20240224005618-d2acac8f3701 h1:pyC9PaHYZFgEKFdlp3G8RaCKgVpHZnecvArXvPXcFkM=
github.com/u-root/uio v0.0.0-20240224005618-d2acac8f3701/go.mod h1:P3a5rG4X7tI17Nn3aOIAYr5HbIMukwXG0urG0WuL8OA=
github.com/ulikunitz/xz v0.5.11 h1:kpFauv27b6ynzBNT/Xy+1k+fK4WswhN/6PN5WhFAGw8=
github.com/ulikunitz/xz v0.5.11/go.mod h1:nbz6k7qbPmH4IRqmfOplQw/tblSgqTqBwxkY0oWt/14=
github.com/usbarmory/go-boot v0.0.0-20250819100801-248ebbc41fab h1:Rk+U9G13fFGWctFDDBmj6BtXTLotMymJ742PVn7xTQ8=
github.com/usbarmory/go-boot v0.0.0-20250819100801-248ebbc41fab/go.mod h1:4BZ3S86LZE726KV8M99R+Kf+WeQJQ1CEYyFBh7tatxY=
github.com/usbarmory/tamago v0.0.0-20250819083339-4bb13deae827 h1:jY+tbw+b6G6FBiTyKyz2CaNs49OtPZ/D9iRcHVr4/g8=
github.com/usbarmory/tamago v0.0.0-20250819083339-4bb13deae827/go.mod h1:F10GriCplrO5/E/B4HFdtIN1nZ3LsjDdwM/GBiH8o+o=
golang.org/x/sys v0.35.0 h1:vz1N37gP5bs89s7He8XuIYXpyY0+QlsKmzipCbUtyxI=
golang.org/x/sys v0.35.0/go.mod h1:BJP2sWEmIv4KK5OTEluFJCKSidICx8ciO85XgH3Ak8k=
